
Microsoft Visual Studio Solution File, Format Version 12.00
# Visual Studio Version 17
VisualStudioVersion = 17.8.34316.72
MinimumVisualStudioVersion = 10.0.40219.1
Project("{8BC9CEB8-8B4A-11D0-8D11-00A0C91BC942}") = "winvisor", "winvisor\winvisor.vcxproj", "{643BF848-390C-4A43-82BD-ACEB245F64D7}"
EndProject
Global
	GlobalSection(SolutionConfigurationPlatforms) = preSolution
		Debug|ARM64 = Debug|ARM64
		Debug|x64 = Debug|x64
		Release|ARM64 = Release|ARM64
		Release|x64 = Release|x64
	EndGlobalSection
	GlobalSection(ProjectConfigurationPlatforms) = postSolution
		{643BF848-390C-4A43-82BD-ACEB245F64D7}.Debug|ARM64.ActiveCfg = Debug|ARM64
		{643BF848-390C-4A43-82BD-ACEB245F64D7}.Debug|ARM64.Build.0 = Debug|ARM64
		{643BF848-390C-4A43-82BD-ACEB245F64D7}.Debug|ARM64.Deploy.0 = Debug|ARM64
		{643BF848-390C-4A43-82BD-ACEB245F64D7}.Debug|x64.ActiveCfg = Debug|x64
		{643BF848-390C-4A43-82BD-ACEB245F64D7}.Debug|x64.Build.0 = Debug|x64
		{643BF848-390C-4A43-82BD-ACEB245F64D7}.Debug|x64.Deploy.0 = Debug|x64
		{643BF848-390C-4A43-82BD-ACEB245F64D7}.Release|ARM64.ActiveCfg = Release|ARM64
		{643BF848-390C-4A43-82BD-ACEB245F64D7}.Release|ARM64.Build.0 = Release|ARM64
		{643BF848-390C-4A43-82BD-ACEB245F64D7}.Release|ARM64.Deploy.0 = Release|ARM64
		{643BF848-390C-4A43-82BD-ACEB245F64D7}.Release|x64.ActiveCfg = Release|x64
		{643BF848-390C-4A43-82BD-ACEB245F64D7}.Release|x64.Build.0 = Release|x64
		{643BF848-390C-4A43-82BD-ACEB245F64D7}.Release|x64.Deploy.0 = Release|x64
	EndGlobalSection
	GlobalSection(SolutionProperties) = preSolution
		HideSolutionNode = FALSE
	EndGlobalSection
	GlobalSection(ExtensibilityGlobals) = postSolution
		SolutionGuid = {83569DEE-F323-4D6D-8F83-370BD6793BA7}
	EndGlobalSection
EndGlobal
